# THIS IS AN AUTOGENERATED FILE. DO NOT EDIT THIS FILE DIRECTLY.
# yarn lockfile v1


the-tailor@^1.2.1:
  version "1.2.1"
  resolved "https://registry.yarnpkg.com/the-tailor/-/the-tailor-1.2.1.tgz#b31703af4cda045cc046ad6926ca07d22f5091a6"

vue@^2.5.2:
  version "2.5.2"
  resolved "https://registry.yarnpkg.com/vue/-/vue-2.5.2.tgz#fd367a87bae7535e47f9dc5c9ec3b496e5feb5a4"

vuex@^3.0.0:
  version "3.0.0"
  resolved "https://registry.yarnpkg.com/vuex/-/vuex-3.0.0.tgz#98b4b5c4954b1c1c1f5b29fa0476a23580315814"
